
Microsoft Visual Studio Solution File, Format Version 12.00
# Visual Studio Version 16
VisualStudioVersion = 16.0.29905.134
MinimumVisualStudioVersion = 10.0.40219.1
Project("{FAE04EC0-301F-11D3-BF4B-00C04F79EFBC}") = "HoursAndMinutes", "HoursAndMinutes\HoursAndMinutes.csproj", "{A9E15819-A1F4-4F73-B9D6-F4085C97BCBC}"
EndProject
Global
	GlobalSection(SolutionConfigurationPlatforms) = preSolution
		Debug|Any CPU = Debug|Any CPU
		Release|Any CPU = Release|Any CPU
	EndGlobalSection
	GlobalSection(ProjectConfigurationPlatforms) = postSolution
		{A9E15819-A1F4-4F73-B9D6-F4085C97BCBC}.Debug|Any CPU.ActiveCfg = Debug|Any CPU
		{A9E15819-A1F4-4F73-B9D6-F4085C97BCBC}.Debug|Any CPU.Build.0 = Debug|Any CPU
		{A9E15819-A1F4-4F73-B9D6-F4085C97BCBC}.Release|Any CPU.ActiveCfg = Release|Any CPU
		{A9E15819-A1F4-4F73-B9D6-F4085C97BCBC}.Release|Any CPU.Build.0 = Release|Any CPU
	EndGlobalSection
	GlobalSection(SolutionProperties) = preSolution
		HideSolutionNode = FALSE
	EndGlobalSection
	GlobalSection(ExtensibilityGlobals) = postSolution
		SolutionGuid = {4F0D3C1A-6E0D-498E-ABFA-980C25B99D0C}
	EndGlobalSection
EndGlobal
